
Microsoft Visual Studio Solution File, Format Version 12.00
# Visual Studio Version 17
VisualStudioVersion = 17.7.34202.233
MinimumVisualStudioVersion = 10.0.40219.1
Project("{FAE04EC0-301F-11D3-BF4B-00C04F79EFBC}") = "Methods", "Methods.csproj", "{04D223D4-0D1A-413E-B236-7BA58CFB194B}"
EndProject
Project("{FAE04EC0-301F-11D3-BF4B-00C04F79EFBC}") = "Mathematic", "..\Mathematic\Mathematic.csproj", "{FFB7EAAF-5246-4885-A726-8E64AC3BD7A1}"
EndProject
Project("{FAE04EC0-301F-11D3-BF4B-00C04F79EFBC}") = "ValueAndReferencesTypes", "..\ValueAndReferencesTypes\ValueAndReferencesTypes.csproj", "{33267523-F337-402E-98EE-C4AA93E0BFB1}"
EndProject
Project("{FAE04EC0-301F-11D3-BF4B-00C04F79EFBC}") = "OOP1", "..\OOP1\OOP1.csproj", "{44EEC01E-1BFC-4E24-A9CC-54F52AD0A2F6}"
EndProject
Project("{FAE04EC0-301F-11D3-BF4B-00C04F79EFBC}") = "Collections", "..\Collections\Collections.csproj", "{BD764C6D-1302-4950-B08D-59AF3DC21AF6}"
EndProject
Project("{FAE04EC0-301F-11D3-BF4B-00C04F79EFBC}") = "GenericsIntro", "..\GenericsIntro\GenericsIntro.csproj", "{B015F85E-7C94-4655-8B44-A6F61BB8358D}"
EndProject
Project("{FAE04EC0-301F-11D3-BF4B-00C04F79EFBC}") = "OOP2", "..\OOP2\OOP2.csproj", "{44C23613-86C3-44F6-9644-E80497CCC824}"
EndProject
Project("{FAE04EC0-301F-11D3-BF4B-00C04F79EFBC}") = "OOP3", "..\OOP3\OOP3.csproj", "{FAFAE086-364D-4FA7-A72C-E86470A1B62F}"
EndProject
Global
	GlobalSection(SolutionConfigurationPlatforms) = preSolution
		Debug|Any CPU = Debug|Any CPU
		Release|Any CPU = Release|Any CPU
	EndGlobalSection
	GlobalSection(ProjectConfigurationPlatforms) = postSolution
		{04D223D4-0D1A-413E-B236-7BA58CFB194B}.Debug|Any CPU.ActiveCfg = Debug|Any CPU
		{04D223D4-0D1A-413E-B236-7BA58CFB194B}.Debug|Any CPU.Build.0 = Debug|Any CPU
		{04D223D4-0D1A-413E-B236-7BA58CFB194B}.Release|Any CPU.ActiveCfg = Release|Any CPU
		{04D223D4-0D1A-413E-B236-7BA58CFB194B}.Release|Any CPU.Build.0 = Release|Any CPU
		{FFB7EAAF-5246-4885-A726-8E64AC3BD7A1}.Debug|Any CPU.ActiveCfg = Debug|Any CPU
		{FFB7EAAF-5246-4885-A726-8E64AC3BD7A1}.Debug|Any CPU.Build.0 = Debug|Any CPU
		{FFB7EAAF-5246-4885-A726-8E64AC3BD7A1}.Release|Any CPU.ActiveCfg = Release|Any CPU
		{FFB7EAAF-5246-4885-A726-8E64AC3BD7A1}.Release|Any CPU.Build.0 = Release|Any CPU
		{33267523-F337-402E-98EE-C4AA93E0BFB1}.Debug|Any CPU.ActiveCfg = Debug|Any CPU
		{33267523-F337-402E-98EE-C4AA93E0BFB1}.Debug|Any CPU.Build.0 = Debug|Any CPU
		{33267523-F337-402E-98EE-C4AA93E0BFB1}.Release|Any CPU.ActiveCfg = Release|Any CPU
		{33267523-F337-402E-98EE-C4AA93E0BFB1}.Release|Any CPU.Build.0 = Release|Any CPU
		{44EEC01E-1BFC-4E24-A9CC-54F52AD0A2F6}.Debug|Any CPU.ActiveCfg = Debug|Any CPU
		{44EEC01E-1BFC-4E24-A9CC-54F52AD0A2F6}.Debug|Any CPU.Build.0 = Debug|Any CPU
		{44EEC01E-1BFC-4E24-A9CC-54F52AD0A2F6}.Release|Any CPU.ActiveCfg = Release|Any CPU
		{44EEC01E-1BFC-4E24-A9CC-54F52AD0A2F6}.Release|Any CPU.Build.0 = Release|Any CPU
		{BD764C6D-1302-4950-B08D-59AF3DC21AF6}.Debug|Any CPU.ActiveCfg = Debug|Any CPU
		{BD764C6D-1302-4950-B08D-59AF3DC21AF6}.Debug|Any CPU.Build.0 = Debug|Any CPU
		{BD764C6D-1302-4950-B08D-59AF3DC21AF6}.Release|Any CPU.ActiveCfg = Release|Any CPU
		{BD764C6D-1302-4950-B08D-59AF3DC21AF6}.Release|Any CPU.Build.0 = Release|Any CPU
		{B015F85E-7C94-4655-8B44-A6F61BB8358D}.Debug|Any CPU.ActiveCfg = Debug|Any CPU
		{B015F85E-7C94-4655-8B44-A6F61BB8358D}.Debug|Any CPU.Build.0 = Debug|Any CPU
		{B015F85E-7C94-4655-8B44-A6F61BB8358D}.Release|Any CPU.ActiveCfg = Release|Any CPU
		{B015F85E-7C94-4655-8B44-A6F61BB8358D}.Release|Any CPU.Build.0 = Release|Any CPU
		{44C23613-86C3-44F6-9644-E80497CCC824}.Debug|Any CPU.ActiveCfg = Debug|Any CPU
		{44C23613-86C3-44F6-9644-E80497CCC824}.Debug|Any CPU.Build.0 = Debug|Any CPU
		{44C23613-86C3-44F6-9644-E80497CCC824}.Release|Any CPU.ActiveCfg = Release|Any CPU
		{44C23613-86C3-44F6-9644-E80497CCC824}.Release|Any CPU.Build.0 = Release|Any CPU
		{FAFAE086-364D-4FA7-A72C-E86470A1B62F}.Debug|Any CPU.ActiveCfg = Debug|Any CPU
		{FAFAE086-364D-4FA7-A72C-E86470A1B62F}.Debug|Any CPU.Build.0 = Debug|Any CPU
		{FAFAE086-364D-4FA7-A72C-E86470A1B62F}.Release|Any CPU.ActiveCfg = Release|Any CPU
		{FAFAE086-364D-4FA7-A72C-E86470A1B62F}.Release|Any CPU.Build.0 = Release|Any CPU
	EndGlobalSection
	GlobalSection(SolutionProperties) = preSolution
		HideSolutionNode = FALSE
	EndGlobalSection
	GlobalSection(ExtensibilityGlobals) = postSolution
		SolutionGuid = {F03BAF88-6FA8-4F4C-AE66-84392E010BC4}
	EndGlobalSection
EndGlobal
